// !$*UTF8*$!
{
	archiveVersion = 1;
	classes = {
	};
	objectVersion = 50;
	objects = {

/* Begin PBXBuildFile section */
		76E0E03C240847A4004C5093 /* AppDelegate.swift in Sources */ = {isa = PBXBuildFile; fileRef = 76E0E03B240847A4004C5093 /* AppDelegate.swift */; };
		76E0E03E240847A4004C5093 /* SceneDelegate.swift in Sources */ = {isa = PBXBuildFile; fileRef = 76E0E03D240847A4004C5093 /* SceneDelegate.swift */; };
		76E0E040240847A4004C5093 /* ViewController.swift in Sources */ = {isa = PBXBuildFile; fileRef = 76E0E03F240847A4004C5093 /* ViewController.swift */; };
		76E0E043240847A4004C5093 /* Main.storyboard in Resources */ = {isa = PBXBuildFile; fileRef = 76E0E041240847A4004C5093 /* Main.storyboard */; };
		76E0E046240847A4004C5093 /* CoreDataRelationDemo.xcdatamodeld in Sources */ = {isa = PBXBuildFile; fileRef = 76E0E044240847A4004C5093 /* CoreDataRelationDemo.xcdatamodeld */; };
		76E0E048240847A6004C5093 /* Assets.xcassets in Resources */ = {isa = PBXBuildFile; fileRef = 76E0E047240847A6004C5093 /* Assets.xcassets */; };
		76E0E04B240847A6004C5093 /* LaunchScreen.storyboard in Resources */ = {isa = PBXBuildFile; fileRef = 76E0E049240847A6004C5093 /* LaunchScreen.storyboard */; };
/* End PBXBuildFile section */

/* Begin PBXFileReference section */
		76E0E038240847A4004C5093 /* CoreDataRelationDemo.app */ = {isa = PBXFileReference; explicitFileType = wrapper.application; includeInIndex = 0; path = CoreDataRelationDemo.app; sourceTree = BUILT_PRODUCTS_DIR; };
		76E0E03B240847A4004C5093 /* AppDelegate.swift */ = {isa = PBXFileReference; lastKnownFileType = sourcecode.swift; path = AppDelegate.swift; sourceTree = "<group>"; };
		76E0E03D240847A4004C5093 /* SceneDelegate.swift */ = {isa = PBXFileReference; lastKnownFileType = sourcecode.swift; path = SceneDelegate.swift; sourceTree = "<group>"; };
		76E0E03F240847A4004C5093 /* ViewController.swift */ = {isa = PBXFileReference; lastKnownFileType = sourcecode.swift; path = ViewController.swift; sourceTree = "<group>"; };
		76E0E042240847A4004C5093 /* Base */ = {isa = PBXFileReference; lastKnownFileType = file.storyboard; name = Base; path = Base.lproj/Main.storyboard; sourceTree = "<group>"; };
		76E0E045240847A4004C5093 /* CoreDataRelationDemo.xcdatamodel */ = {isa = PBXFileReference; lastKnownFileType = wrapper.xcdatamodel; path = CoreDataRelationDemo.xcdatamodel; sourceTree = "<group>"; };
		76E0E047240847A6004C5093 /* Assets.xcassets */ = {isa = PBXFileReference; lastKnownFileType = folder.assetcatalog; path = Assets.xcassets; sourceTree = "<group>"; };
		76E0E04A240847A6004C5093 /* Base */ = {isa = PBXFileReference; lastKnownFileType = file.storyboard; name = Base; path = Base.lproj/LaunchScreen.storyboard; sourceTree = "<group>"; };
		76E0E04C240847A6004C5093 /* Info.plist */ = {isa = PBXFileReference; lastKnownFileType = text.plist.xml; path = Info.plist; sourceTree = "<group>"; };
/* End PBXFileReference section */

/* Begin PBXFrameworksBuildPhase section */
		76E0E035240847A4004C5093 /* Frameworks */ = {
			isa = PBXFrameworksBuildPhase;
			buildActionMask = 2147483647;
			files = (
			);
			runOnlyForDeploymentPostprocessing = 0;
		};
/* End PBXFrameworksBuildPhase section */

/* Begin PBXGroup section */
		76E0E02F240847A4004C5093 = {
			isa = PBXGroup;
			children = (
				76E0E03A240847A4004C5093 /* CoreDataRelationDemo */,
				76E0E039240847A4004C5093 /* Products */,
			);
			sourceTree = "<group>";
		};
		76E0E039240847A4004C5093 /* Products */ = {
			isa = PBXGroup;
			children = (
				76E0E038240847A4004C5093 /* CoreDataRelationDemo.app */,
			);
			name = Products;
			sourceTree = "<group>";
		};
		76E0E03A240847A4004C5093 /* CoreDataRelationDemo */ = {
			isa = PBXGroup;
			children = (
				76E0E03B240847A4004C5093 /* AppDelegate.swift */,
				76E0E03D240847A4004C5093 /* SceneDelegate.swift */,
				76E0E03F240847A4004C5093 /* ViewController.swift */,
				76E0E041240847A4004C5093 /* Main.storyboard */,
				76E0E047240847A6004C5093 /* Assets.xcassets */,
				76E0E049240847A6004C5093 /* LaunchScreen.storyboard */,
				76E0E04C240847A6004C5093 /* Info.plist */,
				76E0E044240847A4004C5093 /* CoreDataRelationDemo.xcdatamodeld */,
			);
			path = CoreDataRelationDemo;
			sourceTree = "<group>";
		};
/* End PBXGroup section */

/* Begin PBXNativeTarget section */
		76E0E037240847A4004C5093 /* CoreDataRelationDemo */ = {
			isa = PBXNativeTarget;
			buildConfigurationList = 76E0E04F240847A6004C5093 /* Build configuration list for PBXNativeTarget "CoreDataRelationDemo" */;
			buildPhases = (
				76E0E034240847A4004C5093 /* Sources */,
				76E0E035240847A4004C5093 /* Frameworks */,
				76E0E036240847A4004C5093 /* Resources */,
			);
			buildRules = (
			);
			dependencies = (
			);
			name = CoreDataRelationDemo;
			productName = CoreDataRelationDemo;
			productReference = 76E0E038240847A4004C5093 /* CoreDataRelationDemo.app */;
			productType = "com.apple.product-type.application";
		};
/* End PBXNativeTarget section */

/* Begin PBXProject section */
		76E0E030240847A4004C5093 /* Project object */ = {
			isa = PBXProject;
			attributes = {
				LastSwiftUpdateCheck = 1130;
				LastUpgradeCheck = 1130;
				ORGANIZATIONNAME = test;
				TargetAttributes = {
					76E0E037240847A4004C5093 = {
						CreatedOnToolsVersion = 11.3;
					};
				};
			};
			buildConfigurationList = 76E0E033240847A4004C5093 /* Build configuration list for PBXProject "CoreDataRelationDemo" */;
			compatibilityVersion = "Xcode 9.3";
			developmentRegion = en;
			hasScannedForEncodings = 0;
			knownRegions = (
				en,
				Base,
			);
			mainGroup = 76E0E02F240847A4004C5093;
			productRefGroup = 76E0E039240847A4004C5093 /* Products */;
			projectDirPath = "";
			projectRoot = "";
			targets = (
				76E0E037240847A4004C5093 /* CoreDataRelationDemo */,
			);
		};
/* End PBXProject section */

/* Begin PBXResourcesBuildPhase section */
		76E0E036240847A4004C5093 /* Resources */ = {
			isa = PBXResourcesBuildPhase;
			buildActionMask = 2147483647;
			files = (
				76E0E04B240847A6004C5093 /* LaunchScreen.storyboard in Resources */,
				76E0E048240847A6004C5093 /* Assets.xcassets in Resources */,
				76E0E043240847A4004C5093 /* Main.storyboard in Resources */,
			);
			runOnlyForDeploymentPostprocessing = 0;
		};
/* End PBXResourcesBuildPhase section */

/* Begin PBXSourcesBuildPhase section */
		76E0E034240847A4004C5093 /* Sources */ = {
			isa = PBXSourcesBuildPhase;
			buildActionMask = 2147483647;
			files = (
				76E0E040240847A4004C5093 /* ViewController.swift in Sources */,
				76E0E046240847A4004C5093 /* CoreDataRelationDemo.xcdatamodeld in Sources */,
				76E0E03C240847A4004C5093 /* AppDelegate.swift in Sources */,
				76E0E03E240847A4004C5093 /* SceneDelegate.swift in Sources */,
			);
			runOnlyForDeploymentPostprocessing = 0;
		};
/* End PBXSourcesBuildPhase section */

/* Begin PBXVariantGroup section */
		76E0E041240847A4004C5093 /* Main.storyboard */ = {
			isa = PBXVariantGroup;
			children = (
				76E0E042240847A4004C5093 /* Base */,
			);
			name = Main.storyboard;
			sourceTree = "<group>";
		};
		76E0E049240847A6004C5093 /* LaunchScreen.storyboard */ = {
			isa = PBXVariantGroup;
			children = (
				76E0E04A240847A6004C5093 /* Base */,
			);
			name = LaunchScreen.storyboard;
			sourceTree = "<group>";
		};
/* End PBXVariantGroup section */

/* Begin XCBuildConfiguration section */
		76E0E04D240847A6004C5093 /* Debug */ = {
			isa = XCBuildConfiguration;
			buildSettings = {
				ALWAYS_SEARCH_USER_PATHS = NO;
				CLANG_ANALYZER_NONNULL = YES;
				CLANG_ANALYZER_NUMBER_OBJECT_CONVERSION = YES_AGGRESSIVE;
				CLANG_CXX_LANGUAGE_STANDARD = "gnu++14";
				CLANG_CXX_LIBRARY = "libc++";
				CLANG_ENABLE_MODULES = YES;
				CLANG_ENABLE_OBJC_ARC = YES;
				CLANG_ENABLE_OBJC_WEAK = YES;
				CLANG_WARN_BLOCK_CAPTURE_AUTORELEASING = YES;
				CLANG_WARN_BOOL_CONVERSION = YES;
				CLANG_WARN_COMMA = YES;
				CLANG_WARN_CONSTANT_CONVERSION = YES;
				CLANG_WARN_DEPRECATED_OBJC_IMPLEMENTATIONS = YES;
				CLANG_WARN_DIRECT_OBJC_ISA_USAGE = YES_ERROR;
				CLANG_WARN_DOCUMENTATION_COMMENTS = YES;
				CLANG_WARN_EMPTY_BODY = YES;
				CLANG_WARN_ENUM_CONVERSION = YES;
				CLANG_WARN_INFINITE_RECURSION = YES;
				CLANG_WARN_INT_CONVERSION = YES;
				CLANG_WARN_NON_LITERAL_NULL_CONVERSION = YES;
				CLANG_WARN_OBJC_IMPLICIT_RETAIN_SELF = YES;
				CLANG_WARN_OBJC_LITERAL_CONVERSION = YES;
				CLANG_WARN_OBJC_ROOT_CLASS = YES_ERROR;
				CLANG_WARN_RANGE_LOOP_ANALYSIS = YES;
				CLANG_WARN_STRICT_PROTOTYPES = YES;
				CLANG_WARN_SUSPICIOUS_MOVE = YES;
				CLANG_WARN_UNGUARDED_AVAILABILITY = YES_AGGRESSIVE;
				CLANG_WARN_UNREACHABLE_CODE = YES;
				CLANG_WARN__DUPLICATE_METHOD_MATCH = YES;
				COPY_PHASE_STRIP = NO;
				DEBUG_INFORMATION_FORMAT = dwarf;
				ENABLE_STRICT_OBJC_MSGSEND = YES;
				ENABLE_TESTABILITY = YES;
				GCC_C_LANGUAGE_STANDARD = gnu11;
				GCC_DYNAMIC_NO_PIC = NO;
				GCC_NO_COMMON_BLOCKS = YES;
				GCC_OPTIMIZATION_LEVEL = 0;
				GCC_PREPROCESSOR_DEFINITIONS = (
					"DEBUG=1",
					"$(inherited)",
				);
				GCC_WARN_64_TO_32_BIT_CONVERSION = YES;
				GCC_WARN_ABOUT_RETURN_TYPE = YES_ERROR;
				GCC_WARN_UNDECLARED_SELECTOR = YES;
				GCC_WARN_UNINITIALIZED_AUTOS = YES_AGGRESSIVE;
				GCC_WARN_UNUSED_FUNCTION = YES;
				GCC_WARN_UNUSED_VARIABLE = YES;
				IPHONEOS_DEPLOYMENT_TARGET = 13.2;
				MTL_ENABLE_DEBUG_INFO = INCLUDE_SOURCE;
				MTL_FAST_MATH = YES;
				ONLY_ACTIVE_ARCH = YES;
				SDKROOT = iphoneos;
				SWIFT_ACTIVE_COMPILATION_CONDITIONS = DEBUG;
				SWIFT_OPTIMIZATION_LEVEL = "-Onone";
			};
			name = Debug;
		};
		76E0E04E240847A6004C5093 /* Release */ = {
			isa = XCBuildConfiguration;
			buildSettings = {
				ALWAYS_SEARCH_USER_PATHS = NO;
				CLANG_ANALYZER_NONNULL = YES;
				CLANG_ANALYZER_NUMBER_OBJECT_CONVERSION = YES_AGGRESSIVE;
				CLANG_CXX_LANGUAGE_STANDARD = "gnu++14";
				CLANG_CXX_LIBRARY = "libc++";
				CLANG_ENABLE_MODULES = YES;
				CLANG_ENABLE_OBJC_ARC = YES;
				CLANG_ENABLE_OBJC_WEAK = YES;
				CLANG_WARN_BLOCK_CAPTURE_AUTORELEASING = YES;
				CLANG_WARN_BOOL_CONVERSION = YES;
				CLANG_WARN_COMMA = YES;
				CLANG_WARN_CONSTANT_CONVERSION = YES;
				CLANG_WARN_DEPRECATED_OBJC_IMPLEMENTATIONS = YES;
				CLANG_WARN_DIRECT_OBJC_ISA_USAGE = YES_ERROR;
				CLANG_WARN_DOCUMENTATION_COMMENTS = YES;
				CLANG_WARN_EMPTY_BODY = YES;
				CLANG_WARN_ENUM_CONVERSION = YES;
				CLANG_WARN_INFINITE_RECURSION = YES;
				CLANG_WARN_INT_CONVERSION = YES;
				CLANG_WARN_NON_LITERAL_NULL_CONVERSION = YES;
				CLANG_WARN_OBJC_IMPLICIT_RETAIN_SELF = YES;
				CLANG_WARN_OBJC_LITERAL_CONVERSION = YES;
				CLANG_WARN_OBJC_ROOT_CLASS = YES_ERROR;
				CLANG_WARN_RANGE_LOOP_ANALYSIS = YES;
				CLANG_WARN_STRICT_PROTOTYPES = YES;
				CLANG_WARN_SUSPICIOUS_MOVE = YES;
				CLANG_WARN_UNGUARDED_AVAILABILITY = YES_AGGRESSIVE;
				CLANG_WARN_UNREACHABLE_CODE = YES;
				CLANG_WARN__DUPLICATE_METHOD_MATCH = YES;
				COPY_PHASE_STRIP = NO;
				DEBUG_INFORMATION_FORMAT = "dwarf-with-dsym";
				ENABLE_NS_ASSERTIONS = NO;
				ENABLE_STRICT_OBJC_MSGSEND = YES;
				GCC_C_LANGUAGE_STANDARD = gnu11;
				GCC_NO_COMMON_BLOCKS = YES;
				GCC_WARN_64_TO_32_BIT_CONVERSION = YES;
				GCC_WARN_ABOUT_RETURN_TYPE = YES_ERROR;
				GCC_WARN_UNDECLARED_SELECTOR = YES;
				GCC_WARN_UNINITIALIZED_AUTOS = YES_AGGRESSIVE;
				GCC_WARN_UNUSED_FUNCTION = YES;
				GCC_WARN_UNUSED_VARIABLE = YES;
				IPHONEOS_DEPLOYMENT_TARGET = 13.2;
				MTL_ENABLE_DEBUG_INFO = NO;
				MTL_FAST_MATH = YES;
				SDKROOT = iphoneos;
				SWIFT_COMPILATION_MODE = wholemodule;
				SWIFT_OPTIMIZATION_LEVEL = "-O";
				VALIDATE_PRODUCT = YES;
			};
			name = Release;
		};
		76E0E050240847A6004C5093 /* Debug */ = {
			isa = XCBuildConfiguration;
			buildSettings = {
				ASSETCATALOG_COMPILER_APPICON_NAME = AppIcon;
				CODE_SIGN_STYLE = Automatic;
				INFOPLIST_FILE = CoreDataRelationDemo/Info.plist;
				LD_RUNPATH_SEARCH_PATHS = (
					"$(inherited)",
					"@executable_path/Frameworks",
				);
				PRODUCT_BUNDLE_IDENTIFIER = com.test.CoreDataRelationDemo;
				PRODUCT_NAME = "$(TARGET_NAME)";
				SWIFT_VERSION = 5.0;
				TARGETED_DEVICE_FAMILY = "1,2";
			};
			name = Debug;
		};
		76E0E051240847A6004C5093 /* Release */ = {
			isa = XCBuildConfiguration;
			buildSettings = {
				ASSETCATALOG_COMPILER_APPICON_NAME = AppIcon;
				CODE_SIGN_STYLE = Automatic;
				INFOPLIST_FILE = CoreDataRelationDemo/Info.plist;
				LD_RUNPATH_SEARCH_PATHS = (
					"$(inherited)",
					"@executable_path/Frameworks",
				);
				PRODUCT_BUNDLE_IDENTIFIER = com.test.CoreDataRelationDemo;
				PRODUCT_NAME = "$(TARGET_NAME)";
				SWIFT_VERSION = 5.0;
				TARGETED_DEVICE_FAMILY = "1,2";
			};
			name = Release;
		};
/* End XCBuildConfiguration section */

/* Begin XCConfigurationList section */
		76E0E033240847A4004C5093 /* Build configuration list for PBXProject "CoreDataRelationDemo" */ = {
			isa = XCConfigurationList;
			buildConfigurations = (
				76E0E04D240847A6004C5093 /* Debug */,
				76E0E04E240847A6004C5093 /* Release */,
			);
			defaultConfigurationIsVisible = 0;
			defaultConfigurationName = Release;
		};
		76E0E04F240847A6004C5093 /* Build configuration list for PBXNativeTarget "CoreDataRelationDemo" */ = {
			isa = XCConfigurationList;
			buildConfigurations = (
				76E0E050240847A6004C5093 /* Debug */,
				76E0E051240847A6004C5093 /* Release */,
			);
			defaultConfigurationIsVisible = 0;
			defaultConfigurationName = Release;
		};
/* End XCConfigurationList section */

/* Begin XCVersionGroup section */
		76E0E044240847A4004C5093 /* CoreDataRelationDemo.xcdatamodeld */ = {
			isa = XCVersionGroup;
			children = (
				76E0E045240847A4004C5093 /* CoreDataRelationDemo.xcdatamodel */,
			);
			currentVersion = 76E0E045240847A4004C5093 /* CoreDataRelationDemo.xcdatamodel */;
			path = CoreDataRelationDemo.xcdatamodeld;
			sourceTree = "<group>";
			versionGroupType = wrapper.xcdatamodel;
		};
/* End XCVersionGroup section */
	};
	rootObject = 76E0E030240847A4004C5093 /* Project object */;
}
